
Microsoft Visual Studio Solution File, Format Version 12.00
# Visual Studio Version 16
VisualStudioVersion = 16.0.33801.447
MinimumVisualStudioVersion = 10.0.40219.1
Project("{8BC9CEB8-8B4A-11D0-8D11-00A0C91BC942}") = "laba 8", "laba 8.vcxproj", "{C6B1E284-2BBC-4D02-9D94-91A2317BA44B}"
EndProject
Global
	GlobalSection(SolutionConfigurationPlatforms) = preSolution
		Debug|x64 = Debug|x64
		Debug|x86 = Debug|x86
		Release|x64 = Release|x64
		Release|x86 = Release|x86
	EndGlobalSection
	GlobalSection(ProjectConfigurationPlatforms) = postSolution
		{C6B1E284-2BBC-4D02-9D94-91A2317BA44B}.Debug|x64.ActiveCfg = Debug|x64
		{C6B1E284-2BBC-4D02-9D94-91A2317BA44B}.Debug|x64.Build.0 = Debug|x64
		{C6B1E284-2BBC-4D02-9D94-91A2317BA44B}.Debug|x86.ActiveCfg = Debug|Win32
		{C6B1E284-2BBC-4D02-9D94-91A2317BA44B}.Debug|x86.Build.0 = Debug|Win32
		{C6B1E284-2BBC-4D02-9D94-91A2317BA44B}.Release|x64.ActiveCfg = Release|x64
		{C6B1E284-2BBC-4D02-9D94-91A2317BA44B}.Release|x64.Build.0 = Release|x64
		{C6B1E284-2BBC-4D02-9D94-91A2317BA44B}.Release|x86.ActiveCfg = Release|Win32
		{C6B1E284-2BBC-4D02-9D94-91A2317BA44B}.Release|x86.Build.0 = Release|Win32
	EndGlobalSection
	GlobalSection(SolutionProperties) = preSolution
		HideSolutionNode = FALSE
	EndGlobalSection
	GlobalSection(ExtensibilityGlobals) = postSolution
		SolutionGuid = {56A9BF5F-B484-4FF2-BB85-FD5E6493E98C}
	EndGlobalSection
EndGlobal
