
Microsoft Visual Studio Solution File, Format Version 12.00
# Visual Studio Version 16
VisualStudioVersion = 16.0.33801.447
MinimumVisualStudioVersion = 10.0.40219.1
Project("{8BC9CEB8-8B4A-11D0-8D11-00A0C91BC942}") = "LABA 10", "LABA 10.vcxproj", "{66DDBEE2-18E1-4CAC-86D1-FDA2513BB231}"
EndProject
Global
	GlobalSection(SolutionConfigurationPlatforms) = preSolution
		Debug|x64 = Debug|x64
		Debug|x86 = Debug|x86
		Release|x64 = Release|x64
		Release|x86 = Release|x86
	EndGlobalSection
	GlobalSection(ProjectConfigurationPlatforms) = postSolution
		{66DDBEE2-18E1-4CAC-86D1-FDA2513BB231}.Debug|x64.ActiveCfg = Debug|x64
		{66DDBEE2-18E1-4CAC-86D1-FDA2513BB231}.Debug|x64.Build.0 = Debug|x64
		{66DDBEE2-18E1-4CAC-86D1-FDA2513BB231}.Debug|x86.ActiveCfg = Debug|Win32
		{66DDBEE2-18E1-4CAC-86D1-FDA2513BB231}.Debug|x86.Build.0 = Debug|Win32
		{66DDBEE2-18E1-4CAC-86D1-FDA2513BB231}.Release|x64.ActiveCfg = Release|x64
		{66DDBEE2-18E1-4CAC-86D1-FDA2513BB231}.Release|x64.Build.0 = Release|x64
		{66DDBEE2-18E1-4CAC-86D1-FDA2513BB231}.Release|x86.ActiveCfg = Release|Win32
		{66DDBEE2-18E1-4CAC-86D1-FDA2513BB231}.Release|x86.Build.0 = Release|Win32
	EndGlobalSection
	GlobalSection(SolutionProperties) = preSolution
		HideSolutionNode = FALSE
	EndGlobalSection
	GlobalSection(ExtensibilityGlobals) = postSolution
		SolutionGuid = {7C6751C7-BA41-4055-9F39-F5DC9E48D830}
	EndGlobalSection
EndGlobal
